Microsoft Visual Studio Solution File, Format Version 12.00
# Visual Studio 15
VisualStudioVersion = 15.0.26606.0
MinimumVisualStudioVersion = 10.0.40219.1
Project("{FAE04EC0-301F-11D3-BF4B-00C04F79EFBC}") = "Corners (SURF)", "Imaging\Corners (SURF)\Corners (SURF).csproj", "{936F3B12-2B1A-468E-9830-51EC9EFB127E}"
EndProject
Global
	GlobalSection(SolutionConfigurationPlatforms) = preSolution
		Debug|x86 = Debug|x86
		Release|x86 = Release|x86
	EndGlobalSection
	GlobalSection(ProjectConfigurationPlatforms) = postSolution
		{936F3B12-2B1A-468E-9830-51EC9EFB127E}.Debug|x86.ActiveCfg = Debug|x86
		{936F3B12-2B1A-468E-9830-51EC9EFB127E}.Debug|x86.Build.0 = Debug|x86
		{936F3B12-2B1A-468E-9830-51EC9EFB127E}.Release|x86.ActiveCfg = Release|x86
		{936F3B12-2B1A-468E-9830-51EC9EFB127E}.Release|x86.Build.0 = Release|x86
	EndGlobalSection
	GlobalSection(SolutionProperties) = preSolution
		HideSolutionNode = FALSE
	EndGlobalSection
	GlobalSection(ExtensibilityGlobals) = postSolution
		SolutionGuid = {10654CE3-D963-429B-8562-A91082196006}
	EndGlobalSection
EndGlobal
