
Microsoft Visual Studio Solution File, Format Version 12.00
# Visual Studio 15
VisualStudioVersion = 15.0.28010.2019
MinimumVisualStudioVersion = 10.0.40219.1
Project("{9A19103F-16F7-4668-BE54-9A1E7A4F7556}") = "TrafficSignRecognizer.Web", "TrafficSignRecognizer.Web\TrafficSignRecognizer.Web.csproj", "{CF43FD66-EEC5-4FFA-93AD-E4B095C43FCC}"
EndProject
Project("{9A19103F-16F7-4668-BE54-9A1E7A4F7556}") = "TrafficSignRecognizer.API", "TrafficSignRecognizer.API\TrafficSignRecognizer.API.csproj", "{485B2AF1-DBB4-4B52-A6F5-179BF80BB03A}"
EndProject
Project("{9A19103F-16F7-4668-BE54-9A1E7A4F7556}") = "TrafficSignRecognizer.Interfaces", "TrafficSignRecognizer.Interfaces\TrafficSignRecognizer.Interfaces.csproj", "{586FAFA2-863D-4A28-8928-9075D8026559}"
EndProject
Project("{888888A0-9F3D-457C-B088-3A5042F75D52}") = "DemoCNNwithTFpython", "DemoCNNwithTFpython\DemoCNNwithTFpython.pyproj", "{E17903FD-2FEE-4616-83D6-EA5668B1E74B}"
EndProject
Project("{FAE04EC0-301F-11D3-BF4B-00C04F79EFBC}") = "MnistDemo", "MnistDemo\MnistDemo.csproj", "{CD073D54-06AC-46E2-BC9C-BB03BC98EC14}"
EndProject
Project("{9A19103F-16F7-4668-BE54-9A1E7A4F7556}") = "TrafficSignRecognizer.API.UnitTest", "TrafficSignRecognizer.API.UnitTest\TrafficSignRecognizer.API.UnitTest.csproj", "{5F862D12-BD66-4344-A817-0FEA50347210}"
EndProject
Project("{9A19103F-16F7-4668-BE54-9A1E7A4F7556}") = "TrafficSignRecognizer.Console", "TrafficSignRecognizer.Console\TrafficSignRecognizer.Console.csproj", "{663D5638-7A8A-4816-A1C1-CBFC6AAAFA1E}"
EndProject
Project("{9A19103F-16F7-4668-BE54-9A1E7A4F7556}") = "ConvNetSharp.Core", "ConvNetSharp.Core\ConvNetSharp.Core.csproj", "{389A8C49-BDF9-4C8F-9022-DE3E1E093BD3}"
EndProject
Project("{9A19103F-16F7-4668-BE54-9A1E7A4F7556}") = "ConvNetSharp.Volume", "ConvNetSharp.Volume\ConvNetSharp.Volume.csproj", "{5193079E-D240-4F9B-A46C-339E0604485C}"
EndProject
Project("{2150E333-8FDC-42A3-9474-1A3956D46DE8}") = "Web App", "Web App", "{EA087B9C-881E-4D2B-AF9E-D8C3EA98E75E}"
EndProject
Project("{2150E333-8FDC-42A3-9474-1A3956D46DE8}") = "Demos", "Demos", "{16040866-8213-42F6-AA14-18996A26E6D8}"
EndProject
Project("{2150E333-8FDC-42A3-9474-1A3956D46DE8}") = "Core", "Core", "{F061B8DB-C19F-4EC7-81D0-2F7D7B2C546B}"
EndProject
Project("{FAE04EC0-301F-11D3-BF4B-00C04F79EFBC}") = "TrafficSignDemo", "TrafficSignDemo\TrafficSignDemo.csproj", "{B77649B6-5179-4071-8282-0C346EE231F7}"
EndProject
Project("{9A19103F-16F7-4668-BE54-9A1E7A4F7556}") = "TrafficSignRecognizer.Utils", "TrafficSignRecognizer.Utils\TrafficSignRecognizer.Utils.csproj", "{90ECC80A-217D-4133-BB15-C3D8BDB02F61}"
EndProject
Project("{888888A0-9F3D-457C-B088-3A5042F75D52}") = "DemoHaarWithPythonOpenCV", "DemoHaarWithPythonOpenCV\DemoHaarWithPythonOpenCV.pyproj", "{69B8E235-1522-4F42-AA0C-E9A697667690}"
EndProject
Project("{FAE04EC0-301F-11D3-BF4B-00C04F79EFBC}") = "MLNETConsole", "MLNETConsole\MLNETConsole.csproj", "{01E16FF2-AF31-424A-922B-9CFA4F3645CD}"
EndProject
Global
	GlobalSection(SolutionConfigurationPlatforms) = preSolution
		Debug|Any CPU = Debug|Any CPU
		Release|Any CPU = Release|Any CPU
	EndGlobalSection
	GlobalSection(ProjectConfigurationPlatforms) = postSolution
		{CF43FD66-EEC5-4FFA-93AD-E4B095C43FCC}.Debug|Any CPU.ActiveCfg = Debug|Any CPU
		{CF43FD66-EEC5-4FFA-93AD-E4B095C43FCC}.Debug|Any CPU.Build.0 = Debug|Any CPU
		{CF43FD66-EEC5-4FFA-93AD-E4B095C43FCC}.Release|Any CPU.ActiveCfg = Release|Any CPU
		{CF43FD66-EEC5-4FFA-93AD-E4B095C43FCC}.Release|Any CPU.Build.0 = Release|Any CPU
		{485B2AF1-DBB4-4B52-A6F5-179BF80BB03A}.Debug|Any CPU.ActiveCfg = Debug|Any CPU
		{485B2AF1-DBB4-4B52-A6F5-179BF80BB03A}.Debug|Any CPU.Build.0 = Debug|Any CPU
		{485B2AF1-DBB4-4B52-A6F5-179BF80BB03A}.Release|Any CPU.ActiveCfg = Release|Any CPU
		{485B2AF1-DBB4-4B52-A6F5-179BF80BB03A}.Release|Any CPU.Build.0 = Release|Any CPU
		{586FAFA2-863D-4A28-8928-9075D8026559}.Debug|Any CPU.ActiveCfg = Debug|Any CPU
		{586FAFA2-863D-4A28-8928-9075D8026559}.Debug|Any CPU.Build.0 = Debug|Any CPU
		{586FAFA2-863D-4A28-8928-9075D8026559}.Release|Any CPU.ActiveCfg = Release|Any CPU
		{586FAFA2-863D-4A28-8928-9075D8026559}.Release|Any CPU.Build.0 = Release|Any CPU
		{E17903FD-2FEE-4616-83D6-EA5668B1E74B}.Debug|Any CPU.ActiveCfg = Debug|Any CPU
		{E17903FD-2FEE-4616-83D6-EA5668B1E74B}.Release|Any CPU.ActiveCfg = Release|Any CPU
		{CD073D54-06AC-46E2-BC9C-BB03BC98EC14}.Debug|Any CPU.ActiveCfg = Debug|Any CPU
		{CD073D54-06AC-46E2-BC9C-BB03BC98EC14}.Debug|Any CPU.Build.0 = Debug|Any CPU
		{CD073D54-06AC-46E2-BC9C-BB03BC98EC14}.Release|Any CPU.ActiveCfg = Release|Any CPU
		{CD073D54-06AC-46E2-BC9C-BB03BC98EC14}.Release|Any CPU.Build.0 = Release|Any CPU
		{5F862D12-BD66-4344-A817-0FEA50347210}.Debug|Any CPU.ActiveCfg = Debug|Any CPU
		{5F862D12-BD66-4344-A817-0FEA50347210}.Debug|Any CPU.Build.0 = Debug|Any CPU
		{5F862D12-BD66-4344-A817-0FEA50347210}.Release|Any CPU.ActiveCfg = Release|Any CPU
		{5F862D12-BD66-4344-A817-0FEA50347210}.Release|Any CPU.Build.0 = Release|Any CPU
		{663D5638-7A8A-4816-A1C1-CBFC6AAAFA1E}.Debug|Any CPU.ActiveCfg = Debug|Any CPU
		{663D5638-7A8A-4816-A1C1-CBFC6AAAFA1E}.Debug|Any CPU.Build.0 = Debug|Any CPU
		{663D5638-7A8A-4816-A1C1-CBFC6AAAFA1E}.Release|Any CPU.ActiveCfg = Release|Any CPU
		{663D5638-7A8A-4816-A1C1-CBFC6AAAFA1E}.Release|Any CPU.Build.0 = Release|Any CPU
		{389A8C49-BDF9-4C8F-9022-DE3E1E093BD3}.Debug|Any CPU.ActiveCfg = Debug|Any CPU
		{389A8C49-BDF9-4C8F-9022-DE3E1E093BD3}.Debug|Any CPU.Build.0 = Debug|Any CPU
		{389A8C49-BDF9-4C8F-9022-DE3E1E093BD3}.Release|Any CPU.ActiveCfg = Release|Any CPU
		{389A8C49-BDF9-4C8F-9022-DE3E1E093BD3}.Release|Any CPU.Build.0 = Release|Any CPU
		{5193079E-D240-4F9B-A46C-339E0604485C}.Debug|Any CPU.ActiveCfg = Debug|Any CPU
		{5193079E-D240-4F9B-A46C-339E0604485C}.Debug|Any CPU.Build.0 = Debug|Any CPU
		{5193079E-D240-4F9B-A46C-339E0604485C}.Release|Any CPU.ActiveCfg = Release|Any CPU
		{5193079E-D240-4F9B-A46C-339E0604485C}.Release|Any CPU.Build.0 = Release|Any CPU
		{B77649B6-5179-4071-8282-0C346EE231F7}.Debug|Any CPU.ActiveCfg = Debug|Any CPU
		{B77649B6-5179-4071-8282-0C346EE231F7}.Debug|Any CPU.Build.0 = Debug|Any CPU
		{B77649B6-5179-4071-8282-0C346EE231F7}.Release|Any CPU.ActiveCfg = Release|Any CPU
		{B77649B6-5179-4071-8282-0C346EE231F7}.Release|Any CPU.Build.0 = Release|Any CPU
		{90ECC80A-217D-4133-BB15-C3D8BDB02F61}.Debug|Any CPU.ActiveCfg = Debug|Any CPU
		{90ECC80A-217D-4133-BB15-C3D8BDB02F61}.Debug|Any CPU.Build.0 = Debug|Any CPU
		{90ECC80A-217D-4133-BB15-C3D8BDB02F61}.Release|Any CPU.ActiveCfg = Release|Any CPU
		{90ECC80A-217D-4133-BB15-C3D8BDB02F61}.Release|Any CPU.Build.0 = Release|Any CPU
		{69B8E235-1522-4F42-AA0C-E9A697667690}.Debug|Any CPU.ActiveCfg = Debug|Any CPU
		{69B8E235-1522-4F42-AA0C-E9A697667690}.Release|Any CPU.ActiveCfg = Release|Any CPU
		{01E16FF2-AF31-424A-922B-9CFA4F3645CD}.Debug|Any CPU.ActiveCfg = Debug|Any CPU
		{01E16FF2-AF31-424A-922B-9CFA4F3645CD}.Debug|Any CPU.Build.0 = Debug|Any CPU
		{01E16FF2-AF31-424A-922B-9CFA4F3645CD}.Release|Any CPU.ActiveCfg = Release|Any CPU
		{01E16FF2-AF31-424A-922B-9CFA4F3645CD}.Release|Any CPU.Build.0 = Release|Any CPU
	EndGlobalSection
	GlobalSection(SolutionProperties) = preSolution
		HideSolutionNode = FALSE
	EndGlobalSection
	GlobalSection(NestedProjects) = preSolution
		{CF43FD66-EEC5-4FFA-93AD-E4B095C43FCC} = {EA087B9C-881E-4D2B-AF9E-D8C3EA98E75E}
		{485B2AF1-DBB4-4B52-A6F5-179BF80BB03A} = {EA087B9C-881E-4D2B-AF9E-D8C3EA98E75E}
		{586FAFA2-863D-4A28-8928-9075D8026559} = {F061B8DB-C19F-4EC7-81D0-2F7D7B2C546B}
		{E17903FD-2FEE-4616-83D6-EA5668B1E74B} = {16040866-8213-42F6-AA14-18996A26E6D8}
		{CD073D54-06AC-46E2-BC9C-BB03BC98EC14} = {16040866-8213-42F6-AA14-18996A26E6D8}
		{5F862D12-BD66-4344-A817-0FEA50347210} = {EA087B9C-881E-4D2B-AF9E-D8C3EA98E75E}
		{663D5638-7A8A-4816-A1C1-CBFC6AAAFA1E} = {EA087B9C-881E-4D2B-AF9E-D8C3EA98E75E}
		{389A8C49-BDF9-4C8F-9022-DE3E1E093BD3} = {F061B8DB-C19F-4EC7-81D0-2F7D7B2C546B}
		{5193079E-D240-4F9B-A46C-339E0604485C} = {F061B8DB-C19F-4EC7-81D0-2F7D7B2C546B}
		{B77649B6-5179-4071-8282-0C346EE231F7} = {16040866-8213-42F6-AA14-18996A26E6D8}
		{90ECC80A-217D-4133-BB15-C3D8BDB02F61} = {F061B8DB-C19F-4EC7-81D0-2F7D7B2C546B}
		{69B8E235-1522-4F42-AA0C-E9A697667690} = {16040866-8213-42F6-AA14-18996A26E6D8}
		{01E16FF2-AF31-424A-922B-9CFA4F3645CD} = {16040866-8213-42F6-AA14-18996A26E6D8}
	EndGlobalSection
	GlobalSection(ExtensibilityGlobals) = postSolution
		SolutionGuid = {910AFB0E-C4FC-4DBD-AFC9-194A97BD0545}
	EndGlobalSection
EndGlobal
