
Microsoft Visual Studio Solution File, Format Version 12.00
# Visual Studio 15
VisualStudioVersion = 15.0.28010.2019
MinimumVisualStudioVersion = 10.0.40219.1
Project("{9A19103F-16F7-4668-BE54-9A1E7A4F7556}") = "TrafficSignRecognizer.Web", "TrafficSignRecognizer.Web\TrafficSignRecognizer.Web.csproj", "{CF43FD66-EEC5-4FFA-93AD-E4B095C43FCC}"
EndProject
Project("{FAE04EC0-301F-11D3-BF4B-00C04F79EFBC}") = "TrafficSignRecognizer.API", "TrafficSignRecognizer.API\TrafficSignRecognizer.API.csproj", "{485B2AF1-DBB4-4B52-A6F5-179BF80BB03A}"
EndProject
Global
	GlobalSection(SolutionConfigurationPlatforms) = preSolution
		Debug|Any CPU = Debug|Any CPU
		Release|Any CPU = Release|Any CPU
	EndGlobalSection
	GlobalSection(ProjectConfigurationPlatforms) = postSolution
		{CF43FD66-EEC5-4FFA-93AD-E4B095C43FCC}.Debug|Any CPU.ActiveCfg = Debug|Any CPU
		{CF43FD66-EEC5-4FFA-93AD-E4B095C43FCC}.Debug|Any CPU.Build.0 = Debug|Any CPU
		{CF43FD66-EEC5-4FFA-93AD-E4B095C43FCC}.Release|Any CPU.ActiveCfg = Release|Any CPU
		{CF43FD66-EEC5-4FFA-93AD-E4B095C43FCC}.Release|Any CPU.Build.0 = Release|Any CPU
		{485B2AF1-DBB4-4B52-A6F5-179BF80BB03A}.Debug|Any CPU.ActiveCfg = Debug|Any CPU
		{485B2AF1-DBB4-4B52-A6F5-179BF80BB03A}.Debug|Any CPU.Build.0 = Debug|Any CPU
		{485B2AF1-DBB4-4B52-A6F5-179BF80BB03A}.Release|Any CPU.ActiveCfg = Release|Any CPU
		{485B2AF1-DBB4-4B52-A6F5-179BF80BB03A}.Release|Any CPU.Build.0 = Release|Any CPU
	EndGlobalSection
	GlobalSection(SolutionProperties) = preSolution
		HideSolutionNode = FALSE
	EndGlobalSection
	GlobalSection(ExtensibilityGlobals) = postSolution
		SolutionGuid = {910AFB0E-C4FC-4DBD-AFC9-194A97BD0545}
	EndGlobalSection
EndGlobal
