
Microsoft Visual Studio Solution File, Format Version 12.00
# Visual Studio 15
VisualStudioVersion = 15.0.28307.106
MinimumVisualStudioVersion = 10.0.40219.1
Project("{FAE04EC0-301F-11D3-BF4B-00C04F79EFBC}") = "MLNETDemo", "MLNETDemo\MLNETDemo.csproj", "{99F424D7-4CFE-4757-BB4B-B1733678727E}"
EndProject
Global
	GlobalSection(SolutionConfigurationPlatforms) = preSolution
		Debug|Any CPU = Debug|Any CPU
		Release|Any CPU = Release|Any CPU
	EndGlobalSection
	GlobalSection(ProjectConfigurationPlatforms) = postSolution
		{99F424D7-4CFE-4757-BB4B-B1733678727E}.Debug|Any CPU.ActiveCfg = Debug|Any CPU
		{99F424D7-4CFE-4757-BB4B-B1733678727E}.Debug|Any CPU.Build.0 = Debug|Any CPU
		{99F424D7-4CFE-4757-BB4B-B1733678727E}.Release|Any CPU.ActiveCfg = Release|Any CPU
		{99F424D7-4CFE-4757-BB4B-B1733678727E}.Release|Any CPU.Build.0 = Release|Any CPU
	EndGlobalSection
	GlobalSection(SolutionProperties) = preSolution
		HideSolutionNode = FALSE
	EndGlobalSection
	GlobalSection(ExtensibilityGlobals) = postSolution
		SolutionGuid = {5E56A0D5-D1A7-4C0E-A201-A3150E329420}
	EndGlobalSection
EndGlobal
